// !$*UTF8*$!
{
	archiveVersion = 1;
	classes = {
	};
	objectVersion = 46;
	objects = {

/* Begin PBXBuildFile section */
		8502E6B4199216C200F270AA /* GillSans-Bold.otf in Resources */ = {isa = PBXBuildFile; fileRef = 8502E6AB199216C100F270AA /* GillSans-Bold.otf */; };
		8502E6B5199216C200F270AA /* GillSans-BoldItalic.otf in Resources */ = {isa = PBXBuildFile; fileRef = 8502E6AC199216C200F270AA /* GillSans-BoldItalic.otf */; };
		8502E6B6199216C200F270AA /* GillSans-Italic.otf in Resources */ = {isa = PBXBuildFile; fileRef = 8502E6AD199216C200F270AA /* GillSans-Italic.otf */; };
		8502E6B7199216C200F270AA /* GillSans-Light.otf in Resources */ = {isa = PBXBuildFile; fileRef = 8502E6AE199216C200F270AA /* GillSans-Light.otf */; };
		8502E6B8199216C200F270AA /* GillSans-LightItalic.otf in Resources */ = {isa = PBXBuildFile; fileRef = 8502E6AF199216C200F270AA /* GillSans-LightItalic.otf */; };
		8502E6B9199216C200F270AA /* GillSans-SemiBold.otf in Resources */ = {isa = PBXBuildFile; fileRef = 8502E6B0199216C200F270AA /* GillSans-SemiBold.otf */; };
		8502E6BA199216C200F270AA /* GillSans-SemiBoldItalic.otf in Resources */ = {isa = PBXBuildFile; fileRef = 8502E6B1199216C200F270AA /* GillSans-SemiBoldItalic.otf */; };
		8502E6BB199216C200F270AA /* GillSans-UltraBold.otf in Resources */ = {isa = PBXBuildFile; fileRef = 8502E6B2199216C200F270AA /* GillSans-UltraBold.otf */; };
		8502E6BC199216C200F270AA /* GillSans.otf in Resources */ = {isa = PBXBuildFile; fileRef = 8502E6B3199216C200F270AA /* GillSans.otf */; };
		85458FCB19CC187600AD49EF /* CoreGraphics.framework in Frameworks */ = {isa = PBXBuildFile; fileRef = 85458FCA19CC187600AD49EF /* CoreGraphics.framework */; };
		85546609198FDDAF0096B8A6 /* main.m in Sources */ = {isa = PBXBuildFile; fileRef = 85546608198FDDAF0096B8A6 /* main.m */; };
		8554660C198FDDAF0096B8A6 /* AppDelegate.m in Sources */ = {isa = PBXBuildFile; fileRef = 8554660B198FDDAF0096B8A6 /* AppDelegate.m */; };
		8554660F198FDDAF0096B8A6 /* ViewController.m in Sources */ = {isa = PBXBuildFile; fileRef = 8554660E198FDDAF0096B8A6 /* ViewController.m */; };
		85546612198FDDAF0096B8A6 /* Main.storyboard in Resources */ = {isa = PBXBuildFile; fileRef = 85546610198FDDAF0096B8A6 /* Main.storyboard */; };
		85546614198FDDAF0096B8A6 /* Images.xcassets in Resources */ = {isa = PBXBuildFile; fileRef = 85546613198FDDAF0096B8A6 /* Images.xcassets */; };
		85546620198FDDAF0096B8A6 /* Pantone_WeatherTests.m in Sources */ = {isa = PBXBuildFile; fileRef = 8554661F198FDDAF0096B8A6 /* Pantone_WeatherTests.m */; };
		8554662B198FE7CD0096B8A6 /* FXLabel.m in Sources */ = {isa = PBXBuildFile; fileRef = 8554662A198FE7CD0096B8A6 /* FXLabel.m */; };
		855701BC19CB74C900D31765 /* facebook-256.png in Resources */ = {isa = PBXBuildFile; fileRef = 855701BA19CB74C900D31765 /* facebook-256.png */; };
		855701BD19CB74C900D31765 /* twitter-256.png in Resources */ = {isa = PBXBuildFile; fileRef = 855701BB19CB74C900D31765 /* twitter-256.png */; };
		85C18BF31992322E0070AF07 /* CoreLocation.framework in Frameworks */ = {isa = PBXBuildFile; fileRef = 85C18BF21992322E0070AF07 /* CoreLocation.framework */; };
		85C18BF51992323A0070AF07 /* QuartzCore.framework in Frameworks */ = {isa = PBXBuildFile; fileRef = 85C18BF41992323A0070AF07 /* QuartzCore.framework */; };
/* End PBXBuildFile section */

/* Begin PBXContainerItemProxy section */
		8554661A198FDDAF0096B8A6 /* PBXContainerItemProxy */ = {
			isa = PBXContainerItemProxy;
			containerPortal = 855465FB198FDDAF0096B8A6 /* Project object */;
			proxyType = 1;
			remoteGlobalIDString = 85546602198FDDAF0096B8A6;
			remoteInfo = "Pantone Weather";
		};
/* End PBXContainerItemProxy section */

/* Begin PBXFileReference section */
		8502E6AB199216C100F270AA /* GillSans-Bold.otf */ = {isa = PBXFileReference; lastKnownFileType = file; path = "GillSans-Bold.otf"; sourceTree = "<group>"; };
		8502E6AC199216C200F270AA /* GillSans-BoldItalic.otf */ = {isa = PBXFileReference; lastKnownFileType = file; path = "GillSans-BoldItalic.otf"; sourceTree = "<group>"; };
		8502E6AD199216C200F270AA /* GillSans-Italic.otf */ = {isa = PBXFileReference; lastKnownFileType = file; path = "GillSans-Italic.otf"; sourceTree = "<group>"; };
		8502E6AE199216C200F270AA /* GillSans-Light.otf */ = {isa = PBXFileReference; lastKnownFileType = file; path = "GillSans-Light.otf"; sourceTree = "<group>"; };
		8502E6AF199216C200F270AA /* GillSans-LightItalic.otf */ = {isa = PBXFileReference; lastKnownFileType = file; path = "GillSans-LightItalic.otf"; sourceTree = "<group>"; };
		8502E6B0199216C200F270AA /* GillSans-SemiBold.otf */ = {isa = PBXFileReference; lastKnownFileType = file; path = "GillSans-SemiBold.otf"; sourceTree = "<group>"; };
		8502E6B1199216C200F270AA /* GillSans-SemiBoldItalic.otf */ = {isa = PBXFileReference; lastKnownFileType = file; path = "GillSans-SemiBoldItalic.otf"; sourceTree = "<group>"; };
		8502E6B2199216C200F270AA /* GillSans-UltraBold.otf */ = {isa = PBXFileReference; lastKnownFileType = file; path = "GillSans-UltraBold.otf"; sourceTree = "<group>"; };
		8502E6B3199216C200F270AA /* GillSans.otf */ = {isa = PBXFileReference; lastKnownFileType = file; path = GillSans.otf; sourceTree = "<group>"; };
		85458FCA19CC187600AD49EF /* CoreGraphics.framework */ = {isa = PBXFileReference; lastKnownFileType = wrapper.framework; name = CoreGraphics.framework; path = System/Library/Frameworks/CoreGraphics.framework; sourceTree = SDKROOT; };
		85546603198FDDAF0096B8A6 /* Pantone Weather.app */ = {isa = PBXFileReference; explicitFileType = wrapper.application; includeInIndex = 0; path = "Pantone Weather.app"; sourceTree = BUILT_PRODUCTS_DIR; };
		85546607198FDDAF0096B8A6 /* Info.plist */ = {isa = PBXFileReference; lastKnownFileType = text.plist.xml; path = Info.plist; sourceTree = "<group>"; };
		85546608198FDDAF0096B8A6 /* main.m */ = {isa = PBXFileReference; lastKnownFileType = sourcecode.c.objc; path = main.m; sourceTree = "<group>"; };
		8554660A198FDDAF0096B8A6 /* AppDelegate.h */ = {isa = PBXFileReference; lastKnownFileType = sourcecode.c.h; path = AppDelegate.h; sourceTree = "<group>"; };
		8554660B198FDDAF0096B8A6 /* AppDelegate.m */ = {isa = PBXFileReference; lastKnownFileType = sourcecode.c.objc; path = AppDelegate.m; sourceTree = "<group>"; };
		8554660D198FDDAF0096B8A6 /* ViewController.h */ = {isa = PBXFileReference; lastKnownFileType = sourcecode.c.h; path = ViewController.h; sourceTree = "<group>"; };
		8554660E198FDDAF0096B8A6 /* ViewController.m */ = {isa = PBXFileReference; lastKnownFileType = sourcecode.c.objc; path = ViewController.m; sourceTree = "<group>"; };
		85546611198FDDAF0096B8A6 /* Base */ = {isa = PBXFileReference; lastKnownFileType = file.storyboard; name = Base; path = Base.lproj/Main.storyboard; sourceTree = "<group>"; };
		85546613198FDDAF0096B8A6 /* Images.xcassets */ = {isa = PBXFileReference; lastKnownFileType = folder.assetcatalog; path = Images.xcassets; sourceTree = "<group>"; };
		85546619198FDDAF0096B8A6 /* Pantone WeatherTests.xctest */ = {isa = PBXFileReference; explicitFileType = wrapper.cfbundle; includeInIndex = 0; path = "Pantone WeatherTests.xctest"; sourceTree = BUILT_PRODUCTS_DIR; };
		8554661E198FDDAF0096B8A6 /* Info.plist */ = {isa = PBXFileReference; lastKnownFileType = text.plist.xml; path = Info.plist; sourceTree = "<group>"; };
		8554661F198FDDAF0096B8A6 /* Pantone_WeatherTests.m */ = {isa = PBXFileReference; lastKnownFileType = sourcecode.c.objc; path = Pantone_WeatherTests.m; sourceTree = "<group>"; };
		85546629198FE7CD0096B8A6 /* FXLabel.h */ = {isa = PBXFileReference; fileEncoding = 4; lastKnownFileType = sourcecode.c.h; path = FXLabel.h; sourceTree = "<group>"; };
		8554662A198FE7CD0096B8A6 /* FXLabel.m */ = {isa = PBXFileReference; fileEncoding = 4; lastKnownFileType = sourcecode.c.objc; path = FXLabel.m; sourceTree = "<group>"; };
		855701BA19CB74C900D31765 /* facebook-256.png */ = {isa = PBXFileReference; lastKnownFileType = image.png; path = "facebook-256.png"; sourceTree = "<group>"; };
		855701BB19CB74C900D31765 /* twitter-256.png */ = {isa = PBXFileReference; lastKnownFileType = image.png; path = "twitter-256.png"; sourceTree = "<group>"; };
		85C18BF21992322E0070AF07 /* CoreLocation.framework */ = {isa = PBXFileReference; lastKnownFileType = wrapper.framework; name = CoreLocation.framework; path = System/Library/Frameworks/CoreLocation.framework; sourceTree = SDKROOT; };
		85C18BF41992323A0070AF07 /* QuartzCore.framework */ = {isa = PBXFileReference; lastKnownFileType = wrapper.framework; name = QuartzCore.framework; path = System/Library/Frameworks/QuartzCore.framework; sourceTree = SDKROOT; };
/* End PBXFileReference section */

/* Begin PBXFrameworksBuildPhase section */
		85546600198FDDAF0096B8A6 /* Frameworks */ = {
			isa = PBXFrameworksBuildPhase;
			buildActionMask = 2147483647;
			files = (
				85458FCB19CC187600AD49EF /* CoreGraphics.framework in Frameworks */,
				85C18BF51992323A0070AF07 /* QuartzCore.framework in Frameworks */,
				85C18BF31992322E0070AF07 /* CoreLocation.framework in Frameworks */,
			);
			runOnlyForDeploymentPostprocessing = 0;
		};
		85546616198FDDAF0096B8A6 /* Frameworks */ = {
			isa = PBXFrameworksBuildPhase;
			buildActionMask = 2147483647;
			files = (
			);
			runOnlyForDeploymentPostprocessing = 0;
		};
/* End PBXFrameworksBuildPhase section */

/* Begin PBXGroup section */
		85036DEA199194DE005F6DE2 /* Fonts */ = {
			isa = PBXGroup;
			children = (
				8502E6AB199216C100F270AA /* GillSans-Bold.otf */,
				8502E6AC199216C200F270AA /* GillSans-BoldItalic.otf */,
				8502E6AD199216C200F270AA /* GillSans-Italic.otf */,
				8502E6AE199216C200F270AA /* GillSans-Light.otf */,
				8502E6AF199216C200F270AA /* GillSans-LightItalic.otf */,
				8502E6B0199216C200F270AA /* GillSans-SemiBold.otf */,
				8502E6B1199216C200F270AA /* GillSans-SemiBoldItalic.otf */,
				8502E6B2199216C200F270AA /* GillSans-UltraBold.otf */,
				8502E6B3199216C200F270AA /* GillSans.otf */,
			);
			name = Fonts;
			sourceTree = "<group>";
		};
		855465FA198FDDAF0096B8A6 = {
			isa = PBXGroup;
			children = (
				85458FCA19CC187600AD49EF /* CoreGraphics.framework */,
				85C18BF41992323A0070AF07 /* QuartzCore.framework */,
				85C18BF21992322E0070AF07 /* CoreLocation.framework */,
				85036DEA199194DE005F6DE2 /* Fonts */,
				8554662C198FE7D10096B8A6 /* Classes */,
				85546605198FDDAF0096B8A6 /* Pantone Weather */,
				8554661C198FDDAF0096B8A6 /* Pantone WeatherTests */,
				85546604198FDDAF0096B8A6 /* Products */,
			);
			sourceTree = "<group>";
		};
		85546604198FDDAF0096B8A6 /* Products */ = {
			isa = PBXGroup;
			children = (
				85546603198FDDAF0096B8A6 /* Pantone Weather.app */,
				85546619198FDDAF0096B8A6 /* Pantone WeatherTests.xctest */,
			);
			name = Products;
			sourceTree = "<group>";
		};
		85546605198FDDAF0096B8A6 /* Pantone Weather */ = {
			isa = PBXGroup;
			children = (
				85546610198FDDAF0096B8A6 /* Main.storyboard */,
				8554660A198FDDAF0096B8A6 /* AppDelegate.h */,
				8554660B198FDDAF0096B8A6 /* AppDelegate.m */,
				8554660D198FDDAF0096B8A6 /* ViewController.h */,
				8554660E198FDDAF0096B8A6 /* ViewController.m */,
				85546613198FDDAF0096B8A6 /* Images.xcassets */,
				85546606198FDDAF0096B8A6 /* Supporting Files */,
			);
			path = "Pantone Weather";
			sourceTree = "<group>";
		};
		85546606198FDDAF0096B8A6 /* Supporting Files */ = {
			isa = PBXGroup;
			children = (
				855701BA19CB74C900D31765 /* facebook-256.png */,
				855701BB19CB74C900D31765 /* twitter-256.png */,
				85546607198FDDAF0096B8A6 /* Info.plist */,
				85546608198FDDAF0096B8A6 /* main.m */,
			);
			name = "Supporting Files";
			sourceTree = "<group>";
		};
		8554661C198FDDAF0096B8A6 /* Pantone WeatherTests */ = {
			isa = PBXGroup;
			children = (
				8554661F198FDDAF0096B8A6 /* Pantone_WeatherTests.m */,
				8554661D198FDDAF0096B8A6 /* Supporting Files */,
			);
			path = "Pantone WeatherTests";
			sourceTree = "<group>";
		};
		8554661D198FDDAF0096B8A6 /* Supporting Files */ = {
			isa = PBXGroup;
			children = (
				8554661E198FDDAF0096B8A6 /* Info.plist */,
			);
			name = "Supporting Files";
			sourceTree = "<group>";
		};
		8554662C198FE7D10096B8A6 /* Classes */ = {
			isa = PBXGroup;
			children = (
				85546629198FE7CD0096B8A6 /* FXLabel.h */,
				8554662A198FE7CD0096B8A6 /* FXLabel.m */,
			);
			name = Classes;
			sourceTree = "<group>";
		};
/* End PBXGroup section */

/* Begin PBXNativeTarget section */
		85546602198FDDAF0096B8A6 /* Pantone Weather */ = {
			isa = PBXNativeTarget;
			buildConfigurationList = 85546623198FDDAF0096B8A6 /* Build configuration list for PBXNativeTarget "Pantone Weather" */;
			buildPhases = (
				855465FF198FDDAF0096B8A6 /* Sources */,
				85546600198FDDAF0096B8A6 /* Frameworks */,
				85546601198FDDAF0096B8A6 /* Resources */,
			);
			buildRules = (
			);
			dependencies = (
			);
			name = "Pantone Weather";
			productName = "Pantone Weather";
			productReference = 85546603198FDDAF0096B8A6 /* Pantone Weather.app */;
			productType = "com.apple.product-type.application";
		};
		85546618198FDDAF0096B8A6 /* Pantone WeatherTests */ = {
			isa = PBXNativeTarget;
			buildConfigurationList = 85546626198FDDAF0096B8A6 /* Build configuration list for PBXNativeTarget "Pantone WeatherTests" */;
			buildPhases = (
				85546615198FDDAF0096B8A6 /* Sources */,
				85546616198FDDAF0096B8A6 /* Frameworks */,
				85546617198FDDAF0096B8A6 /* Resources */,
			);
			buildRules = (
			);
			dependencies = (
				8554661B198FDDAF0096B8A6 /* PBXTargetDependency */,
			);
			name = "Pantone WeatherTests";
			productName = "Pantone WeatherTests";
			productReference = 85546619198FDDAF0096B8A6 /* Pantone WeatherTests.xctest */;
			productType = "com.apple.product-type.bundle.unit-test";
		};
/* End PBXNativeTarget section */

/* Begin PBXProject section */
		855465FB198FDDAF0096B8A6 /* Project object */ = {
			isa = PBXProject;
			attributes = {
				LastUpgradeCheck = 0600;
				ORGANIZATIONNAME = Edenco;
				TargetAttributes = {
					85546602198FDDAF0096B8A6 = {
						CreatedOnToolsVersion = 6.0;
						DevelopmentTeam = 3BN7KT9S7S;
					};
					85546618198FDDAF0096B8A6 = {
						CreatedOnToolsVersion = 6.0;
						TestTargetID = 85546602198FDDAF0096B8A6;
					};
				};
			};
			buildConfigurationList = 855465FE198FDDAF0096B8A6 /* Build configuration list for PBXProject "Pantone Weather" */;
			compatibilityVersion = "Xcode 3.2";
			developmentRegion = English;
			hasScannedForEncodings = 0;
			knownRegions = (
				en,
				Base,
			);
			mainGroup = 855465FA198FDDAF0096B8A6;
			productRefGroup = 85546604198FDDAF0096B8A6 /* Products */;
			projectDirPath = "";
			projectRoot = "";
			targets = (
				85546602198FDDAF0096B8A6 /* Pantone Weather */,
				85546618198FDDAF0096B8A6 /* Pantone WeatherTests */,
			);
		};
/* End PBXProject section */

/* Begin PBXResourcesBuildPhase section */
		85546601198FDDAF0096B8A6 /* Resources */ = {
			isa = PBXResourcesBuildPhase;
			buildActionMask = 2147483647;
			files = (
				8502E6BC199216C200F270AA /* GillSans.otf in Resources */,
				8502E6B5199216C200F270AA /* GillSans-BoldItalic.otf in Resources */,
				855701BD19CB74C900D31765 /* twitter-256.png in Resources */,
				85546612198FDDAF0096B8A6 /* Main.storyboard in Resources */,
				855701BC19CB74C900D31765 /* facebook-256.png in Resources */,
				8502E6B6199216C200F270AA /* GillSans-Italic.otf in Resources */,
				8502E6B4199216C200F270AA /* GillSans-Bold.otf in Resources */,
				8502E6B7199216C200F270AA /* GillSans-Light.otf in Resources */,
				8502E6BB199216C200F270AA /* GillSans-UltraBold.otf in Resources */,
				85546614198FDDAF0096B8A6 /* Images.xcassets in Resources */,
				8502E6BA199216C200F270AA /* GillSans-SemiBoldItalic.otf in Resources */,
				8502E6B8199216C200F270AA /* GillSans-LightItalic.otf in Resources */,
				8502E6B9199216C200F270AA /* GillSans-SemiBold.otf in Resources */,
			);
			runOnlyForDeploymentPostprocessing = 0;
		};
		85546617198FDDAF0096B8A6 /* Resources */ = {
			isa = PBXResourcesBuildPhase;
			buildActionMask = 2147483647;
			files = (
			);
			runOnlyForDeploymentPostprocessing = 0;
		};
/* End PBXResourcesBuildPhase section */

/* Begin PBXSourcesBuildPhase section */
		855465FF198FDDAF0096B8A6 /* Sources */ = {
			isa = PBXSourcesBuildPhase;
			buildActionMask = 2147483647;
			files = (
				8554660F198FDDAF0096B8A6 /* ViewController.m in Sources */,
				8554660C198FDDAF0096B8A6 /* AppDelegate.m in Sources */,
				8554662B198FE7CD0096B8A6 /* FXLabel.m in Sources */,
				85546609198FDDAF0096B8A6 /* main.m in Sources */,
			);
			runOnlyForDeploymentPostprocessing = 0;
		};
		85546615198FDDAF0096B8A6 /* Sources */ = {
			isa = PBXSourcesBuildPhase;
			buildActionMask = 2147483647;
			files = (
				85546620198FDDAF0096B8A6 /* Pantone_WeatherTests.m in Sources */,
			);
			runOnlyForDeploymentPostprocessing = 0;
		};
/* End PBXSourcesBuildPhase section */

/* Begin PBXTargetDependency section */
		8554661B198FDDAF0096B8A6 /* PBXTargetDependency */ = {
			isa = PBXTargetDependency;
			target = 85546602198FDDAF0096B8A6 /* Pantone Weather */;
			targetProxy = 8554661A198FDDAF0096B8A6 /* PBXContainerItemProxy */;
		};
/* End PBXTargetDependency section */

/* Begin PBXVariantGroup section */
		85546610198FDDAF0096B8A6 /* Main.storyboard */ = {
			isa = PBXVariantGroup;
			children = (
				85546611198FDDAF0096B8A6 /* Base */,
			);
			name = Main.storyboard;
			sourceTree = "<group>";
		};
/* End PBXVariantGroup section */

/* Begin XCBuildConfiguration section */
		85546621198FDDAF0096B8A6 /* Debug */ = {
			isa = XCBuildConfiguration;
			buildSettings = {
				ALWAYS_SEARCH_USER_PATHS = NO;
				CLANG_CXX_LANGUAGE_STANDARD = "gnu++0x";
				CLANG_CXX_LIBRARY = "libc++";
				CLANG_ENABLE_MODULES = YES;
				CLANG_ENABLE_OBJC_ARC = YES;
				CLANG_WARN_BOOL_CONVERSION = YES;
				CLANG_WARN_CONSTANT_CONVERSION = YES;
				CLANG_WARN_DIRECT_OBJC_ISA_USAGE = YES_ERROR;
				CLANG_WARN_EMPTY_BODY = YES;
				CLANG_WARN_ENUM_CONVERSION = YES;
				CLANG_WARN_INT_CONVERSION = YES;
				CLANG_WARN_OBJC_ROOT_CLASS = YES_ERROR;
				CLANG_WARN_UNREACHABLE_CODE = YES;
				CLANG_WARN__DUPLICATE_METHOD_MATCH = YES;
				"CODE_SIGN_IDENTITY[sdk=iphoneos*]" = "iPhone Developer";
				COPY_PHASE_STRIP = NO;
				ENABLE_STRICT_OBJC_MSGSEND = YES;
				GCC_C_LANGUAGE_STANDARD = gnu99;
				GCC_DYNAMIC_NO_PIC = NO;
				GCC_OPTIMIZATION_LEVEL = 0;
				GCC_PREPROCESSOR_DEFINITIONS = (
					"DEBUG=1",
					"$(inherited)",
				);
				GCC_SYMBOLS_PRIVATE_EXTERN = NO;
				GCC_WARN_64_TO_32_BIT_CONVERSION = YES;
				GCC_WARN_ABOUT_RETURN_TYPE = YES_ERROR;
				GCC_WARN_UNDECLARED_SELECTOR = YES;
				GCC_WARN_UNINITIALIZED_AUTOS = YES_AGGRESSIVE;
				GCC_WARN_UNUSED_FUNCTION = YES;
				GCC_WARN_UNUSED_VARIABLE = YES;
				IPHONEOS_DEPLOYMENT_TARGET = 8.0;
				MTL_ENABLE_DEBUG_INFO = YES;
				ONLY_ACTIVE_ARCH = YES;
				SDKROOT = iphoneos;
			};
			name = Debug;
		};
		85546622198FDDAF0096B8A6 /* Release */ = {
			isa = XCBuildConfiguration;
			buildSettings = {
				ALWAYS_SEARCH_USER_PATHS = NO;
				CLANG_CXX_LANGUAGE_STANDARD = "gnu++0x";
				CLANG_CXX_LIBRARY = "libc++";
				CLANG_ENABLE_MODULES = YES;
				CLANG_ENABLE_OBJC_ARC = YES;
				CLANG_WARN_BOOL_CONVERSION = YES;
				CLANG_WARN_CONSTANT_CONVERSION = YES;
				CLANG_WARN_DIRECT_OBJC_ISA_USAGE = YES_ERROR;
				CLANG_WARN_EMPTY_BODY = YES;
				CLANG_WARN_ENUM_CONVERSION = YES;
				CLANG_WARN_INT_CONVERSION = YES;
				CLANG_WARN_OBJC_ROOT_CLASS = YES_ERROR;
				CLANG_WARN_UNREACHABLE_CODE = YES;
				CLANG_WARN__DUPLICATE_METHOD_MATCH = YES;
				"CODE_SIGN_IDENTITY[sdk=iphoneos*]" = "iPhone Developer";
				COPY_PHASE_STRIP = YES;
				ENABLE_NS_ASSERTIONS = NO;
				ENABLE_STRICT_OBJC_MSGSEND = YES;
				GCC_C_LANGUAGE_STANDARD = gnu99;
				GCC_WARN_64_TO_32_BIT_CONVERSION = YES;
				GCC_WARN_ABOUT_RETURN_TYPE = YES_ERROR;
				GCC_WARN_UNDECLARED_SELECTOR = YES;
				GCC_WARN_UNINITIALIZED_AUTOS = YES_AGGRESSIVE;
				GCC_WARN_UNUSED_FUNCTION = YES;
				GCC_WARN_UNUSED_VARIABLE = YES;
				IPHONEOS_DEPLOYMENT_TARGET = 8.0;
				MTL_ENABLE_DEBUG_INFO = NO;
				SDKROOT = iphoneos;
				VALIDATE_PRODUCT = YES;
			};
			name = Release;
		};
		85546624198FDDAF0096B8A6 /* Debug */ = {
			isa = XCBuildConfiguration;
			buildSettings = {
				ASSETCATALOG_COMPILER_APPICON_NAME = AppIcon;
				ASSETCATALOG_COMPILER_LAUNCHIMAGE_NAME = LaunchImage;
				CODE_SIGN_IDENTITY = "iPhone Developer";
				INFOPLIST_FILE = "Pantone Weather/Info.plist";
				IPHONEOS_DEPLOYMENT_TARGET = 7.0;
				LD_RUNPATH_SEARCH_PATHS = "$(inherited) @executable_path/Frameworks";
				PRODUCT_NAME = "$(TARGET_NAME)";
			};
			name = Debug;
		};
		85546625198FDDAF0096B8A6 /* Release */ = {
			isa = XCBuildConfiguration;
			buildSettings = {
				ASSETCATALOG_COMPILER_APPICON_NAME = AppIcon;
				ASSETCATALOG_COMPILER_LAUNCHIMAGE_NAME = LaunchImage;
				CODE_SIGN_IDENTITY = "iPhone Developer";
				INFOPLIST_FILE = "Pantone Weather/Info.plist";
				IPHONEOS_DEPLOYMENT_TARGET = 7.0;
				LD_RUNPATH_SEARCH_PATHS = "$(inherited) @executable_path/Frameworks";
				PRODUCT_NAME = "$(TARGET_NAME)";
			};
			name = Release;
		};
		85546627198FDDAF0096B8A6 /* Debug */ = {
			isa = XCBuildConfiguration;
			buildSettings = {
				BUNDLE_LOADER = "$(BUILT_PRODUCTS_DIR)/Pantone Weather.app/Pantone Weather";
				FRAMEWORK_SEARCH_PATHS = (
					"$(SDKROOT)/Developer/Library/Frameworks",
					"$(inherited)",
				);
				GCC_PREPROCESSOR_DEFINITIONS = (
					"DEBUG=1",
					"$(inherited)",
				);
				INFOPLIST_FILE = "Pantone WeatherTests/Info.plist";
				LD_RUNPATH_SEARCH_PATHS = "$(inherited) @executable_path/Frameworks @loader_path/Frameworks";
				PRODUCT_NAME = "$(TARGET_NAME)";
				TEST_HOST = "$(BUNDLE_LOADER)";
			};
			name = Debug;
		};
		85546628198FDDAF0096B8A6 /* Release */ = {
			isa = XCBuildConfiguration;
			buildSettings = {
				BUNDLE_LOADER = "$(BUILT_PRODUCTS_DIR)/Pantone Weather.app/Pantone Weather";
				FRAMEWORK_SEARCH_PATHS = (
					"$(SDKROOT)/Developer/Library/Frameworks",
					"$(inherited)",
				);
				INFOPLIST_FILE = "Pantone WeatherTests/Info.plist";
				LD_RUNPATH_SEARCH_PATHS = "$(inherited) @executable_path/Frameworks @loader_path/Frameworks";
				PRODUCT_NAME = "$(TARGET_NAME)";
				TEST_HOST = "$(BUNDLE_LOADER)";
			};
			name = Release;
		};
/* End XCBuildConfiguration section */

/* Begin XCConfigurationList section */
		855465FE198FDDAF0096B8A6 /* Build configuration list for PBXProject "Pantone Weather" */ = {
			isa = XCConfigurationList;
			buildConfigurations = (
				85546621198FDDAF0096B8A6 /* Debug */,
				85546622198FDDAF0096B8A6 /* Release */,
			);
			defaultConfigurationIsVisible = 0;
			defaultConfigurationName = Release;
		};
		85546623198FDDAF0096B8A6 /* Build configuration list for PBXNativeTarget "Pantone Weather" */ = {
			isa = XCConfigurationList;
			buildConfigurations = (
				85546624198FDDAF0096B8A6 /* Debug */,
				85546625198FDDAF0096B8A6 /* Release */,
			);
			defaultConfigurationIsVisible = 0;
			defaultConfigurationName = Release;
		};
		85546626198FDDAF0096B8A6 /* Build configuration list for PBXNativeTarget "Pantone WeatherTests" */ = {
			isa = XCConfigurationList;
			buildConfigurations = (
				85546627198FDDAF0096B8A6 /* Debug */,
				85546628198FDDAF0096B8A6 /* Release */,
			);
			defaultConfigurationIsVisible = 0;
			defaultConfigurationName = Release;
		};
/* End XCConfigurationList section */
	};
	rootObject = 855465FB198FDDAF0096B8A6 /* Project object */;
}
